
Microsoft Visual Studio Solution File, Format Version 12.00
# Visual Studio Version 16
VisualStudioVersion = 25.0.1706.4
MinimumVisualStudioVersion = 10.0.40219.1
Project("{FAE04EC0-301F-11D3-BF4B-00C04F79EFBC}") = "WebApi", "WebApi\WebApi.csproj", "{3DAF359A-2A86-4FEA-9F10-EFA67E78C1D5}"
EndProject
Project("{2150E333-8FDC-42A3-9474-1A3956D46DE8}") = "src", "src", "{D51ECB41-3F9B-4163-BE49-72A60F4C27D8}"
EndProject
Project("{FAE04EC0-301F-11D3-BF4B-00C04F79EFBC}") = "Core", "src\Core\Core.csproj", "{C597F4F7-087E-4B04-BD37-A116CE4E6DC4}"
EndProject
Global
	GlobalSection(SolutionConfigurationPlatforms) = preSolution
		Debug|Any CPU = Debug|Any CPU
		Release|Any CPU = Release|Any CPU
	EndGlobalSection
	GlobalSection(ProjectConfigurationPlatforms) = postSolution
		{3DAF359A-2A86-4FEA-9F10-EFA67E78C1D5}.Debug|Any CPU.ActiveCfg = Debug|Any CPU
		{3DAF359A-2A86-4FEA-9F10-EFA67E78C1D5}.Debug|Any CPU.Build.0 = Debug|Any CPU
		{3DAF359A-2A86-4FEA-9F10-EFA67E78C1D5}.Release|Any CPU.ActiveCfg = Release|Any CPU
		{3DAF359A-2A86-4FEA-9F10-EFA67E78C1D5}.Release|Any CPU.Build.0 = Release|Any CPU
		{C597F4F7-087E-4B04-BD37-A116CE4E6DC4}.Debug|Any CPU.ActiveCfg = Debug|Any CPU
		{C597F4F7-087E-4B04-BD37-A116CE4E6DC4}.Debug|Any CPU.Build.0 = Debug|Any CPU
		{C597F4F7-087E-4B04-BD37-A116CE4E6DC4}.Release|Any CPU.ActiveCfg = Release|Any CPU
		{C597F4F7-087E-4B04-BD37-A116CE4E6DC4}.Release|Any CPU.Build.0 = Release|Any CPU
	EndGlobalSection
	GlobalSection(SolutionProperties) = preSolution
		HideSolutionNode = FALSE
	EndGlobalSection
	GlobalSection(ExtensibilityGlobals) = postSolution
		SolutionGuid = {5584769A-AC1A-4DAC-8DEB-630D08495622}
	EndGlobalSection
	GlobalSection(NestedProjects) = preSolution
		{3DAF359A-2A86-4FEA-9F10-EFA67E78C1D5} = {D51ECB41-3F9B-4163-BE49-72A60F4C27D8}
		{C597F4F7-087E-4B04-BD37-A116CE4E6DC4} = {D51ECB41-3F9B-4163-BE49-72A60F4C27D8}
	EndGlobalSection
EndGlobal
